// !$*UTF8*$!
{
	archiveVersion = 1;
	classes = {
	};
	objectVersion = 46;
	objects = {

/* Begin PBXBuildFile section */
		845A56EE1B27D558001394D8 /* main.m in Sources */ = {isa = PBXBuildFile; fileRef = 845A56ED1B27D558001394D8 /* main.m */; };
		845A56F11B27D558001394D8 /* AppDelegate.m in Sources */ = {isa = PBXBuildFile; fileRef = 845A56F01B27D558001394D8 /* AppDelegate.m */; };
		845A56F41B27D558001394D8 /* HomeWork0610.xcdatamodeld in Sources */ = {isa = PBXBuildFile; fileRef = 845A56F21B27D558001394D8 /* HomeWork0610.xcdatamodeld */; };
		845A56F71B27D558001394D8 /* ViewController.m in Sources */ = {isa = PBXBuildFile; fileRef = 845A56F61B27D558001394D8 /* ViewController.m */; };
		845A56FA1B27D558001394D8 /* Main.storyboard in Resources */ = {isa = PBXBuildFile; fileRef = 845A56F81B27D558001394D8 /* Main.storyboard */; };
		845A56FC1B27D558001394D8 /* Images.xcassets in Resources */ = {isa = PBXBuildFile; fileRef = 845A56FB1B27D558001394D8 /* Images.xcassets */; };
		845A56FF1B27D558001394D8 /* LaunchScreen.xib in Resources */ = {isa = PBXBuildFile; fileRef = 845A56FD1B27D558001394D8 /* LaunchScreen.xib */; };
		845A570B1B27D558001394D8 /* HomeWork0610Tests.m in Sources */ = {isa = PBXBuildFile; fileRef = 845A570A1B27D558001394D8 /* HomeWork0610Tests.m */; };
		845A57531B2838A3001394D8 /* SecondViewController.m in Sources */ = {isa = PBXBuildFile; fileRef = 845A57521B2838A3001394D8 /* SecondViewController.m */; };
/* End PBXBuildFile section */

/* Begin PBXContainerItemProxy section */
		845A57051B27D558001394D8 /* PBXContainerItemProxy */ = {
			isa = PBXContainerItemProxy;
			containerPortal = 845A56E01B27D557001394D8 /* Project object */;
			proxyType = 1;
			remoteGlobalIDString = 845A56E71B27D557001394D8;
			remoteInfo = HomeWork0610;
		};
/* End PBXContainerItemProxy section */

/* Begin PBXFileReference section */
		845A56E81B27D557001394D8 /* HomeWork0610.app */ = {isa = PBXFileReference; explicitFileType = wrapper.application; includeInIndex = 0; path = HomeWork0610.app; sourceTree = BUILT_PRODUCTS_DIR; };
		845A56EC1B27D558001394D8 /* Info.plist */ = {isa = PBXFileReference; lastKnownFileType = text.plist.xml; path = Info.plist; sourceTree = "<group>"; };
		845A56ED1B27D558001394D8 /* main.m */ = {isa = PBXFileReference; lastKnownFileType = sourcecode.c.objc; path = main.m; sourceTree = "<group>"; };
		845A56EF1B27D558001394D8 /* AppDelegate.h */ = {isa = PBXFileReference; lastKnownFileType = sourcecode.c.h; path = AppDelegate.h; sourceTree = "<group>"; };
		845A56F01B27D558001394D8 /* AppDelegate.m */ = {isa = PBXFileReference; lastKnownFileType = sourcecode.c.objc; path = AppDelegate.m; sourceTree = "<group>"; };
		845A56F31B27D558001394D8 /* HomeWork0610.xcdatamodel */ = {isa = PBXFileReference; lastKnownFileType = wrapper.xcdatamodel; path = HomeWork0610.xcdatamodel; sourceTree = "<group>"; };
		845A56F51B27D558001394D8 /* ViewController.h */ = {isa = PBXFileReference; lastKnownFileType = sourcecode.c.h; path = ViewController.h; sourceTree = "<group>"; };
		845A56F61B27D558001394D8 /* ViewController.m */ = {isa = PBXFileReference; lastKnownFileType = sourcecode.c.objc; path = ViewController.m; sourceTree = "<group>"; };
		845A56F91B27D558001394D8 /* Base */ = {isa = PBXFileReference; lastKnownFileType = file.storyboard; name = Base; path = Base.lproj/Main.storyboard; sourceTree = "<group>"; };
		845A56FB1B27D558001394D8 /* Images.xcassets */ = {isa = PBXFileReference; lastKnownFileType = folder.assetcatalog; path = Images.xcassets; sourceTree = "<group>"; };
		845A56FE1B27D558001394D8 /* Base */ = {isa = PBXFileReference; lastKnownFileType = file.xib; name = Base; path = Base.lproj/LaunchScreen.xib; sourceTree = "<group>"; };
		845A57041B27D558001394D8 /* HomeWork0610Tests.xctest */ = {isa = PBXFileReference; explicitFileType = wrapper.cfbundle; includeInIndex = 0; path = HomeWork0610Tests.xctest; sourceTree = BUILT_PRODUCTS_DIR; };
		845A57091B27D558001394D8 /* Info.plist */ = {isa = PBXFileReference; lastKnownFileType = text.plist.xml; path = Info.plist; sourceTree = "<group>"; };
		845A570A1B27D558001394D8 /* HomeWork0610Tests.m */ = {isa = PBXFileReference; lastKnownFileType = sourcecode.c.objc; path = HomeWork0610Tests.m; sourceTree = "<group>"; };
		845A57511B2838A3001394D8 /* SecondViewController.h */ = {isa = PBXFileReference; fileEncoding = 4; lastKnownFileType = sourcecode.c.h; path = SecondViewController.h; sourceTree = "<group>"; };
		845A57521B2838A3001394D8 /* SecondViewController.m */ = {isa = PBXFileReference; fileEncoding = 4; lastKnownFileType = sourcecode.c.objc; path = SecondViewController.m; sourceTree = "<group>"; };
/* End PBXFileReference section */

/* Begin PBXFrameworksBuildPhase section */
		845A56E51B27D557001394D8 /* Frameworks */ = {
			isa = PBXFrameworksBuildPhase;
			buildActionMask = 2147483647;
			files = (
			);
			runOnlyForDeploymentPostprocessing = 0;
		};
		845A57011B27D558001394D8 /* Frameworks */ = {
			isa = PBXFrameworksBuildPhase;
			buildActionMask = 2147483647;
			files = (
			);
			runOnlyForDeploymentPostprocessing = 0;
		};
/* End PBXFrameworksBuildPhase section */

/* Begin PBXGroup section */
		845A56DF1B27D557001394D8 = {
			isa = PBXGroup;
			children = (
				845A56EA1B27D557001394D8 /* HomeWork0610 */,
				845A57071B27D558001394D8 /* HomeWork0610Tests */,
				845A56E91B27D557001394D8 /* Products */,
			);
			sourceTree = "<group>";
		};
		845A56E91B27D557001394D8 /* Products */ = {
			isa = PBXGroup;
			children = (
				845A56E81B27D557001394D8 /* HomeWork0610.app */,
				845A57041B27D558001394D8 /* HomeWork0610Tests.xctest */,
			);
			name = Products;
			sourceTree = "<group>";
		};
		845A56EA1B27D557001394D8 /* HomeWork0610 */ = {
			isa = PBXGroup;
			children = (
				845A56EF1B27D558001394D8 /* AppDelegate.h */,
				845A56F01B27D558001394D8 /* AppDelegate.m */,
				845A56F51B27D558001394D8 /* ViewController.h */,
				845A56F61B27D558001394D8 /* ViewController.m */,
				845A56F81B27D558001394D8 /* Main.storyboard */,
				845A56FB1B27D558001394D8 /* Images.xcassets */,
				845A56FD1B27D558001394D8 /* LaunchScreen.xib */,
				845A56F21B27D558001394D8 /* HomeWork0610.xcdatamodeld */,
				845A56EB1B27D558001394D8 /* Supporting Files */,
				845A57511B2838A3001394D8 /* SecondViewController.h */,
				845A57521B2838A3001394D8 /* SecondViewController.m */,
			);
			path = HomeWork0610;
			sourceTree = "<group>";
		};
		845A56EB1B27D558001394D8 /* Supporting Files */ = {
			isa = PBXGroup;
			children = (
				845A56EC1B27D558001394D8 /* Info.plist */,
				845A56ED1B27D558001394D8 /* main.m */,
			);
			name = "Supporting Files";
			sourceTree = "<group>";
		};
		845A57071B27D558001394D8 /* HomeWork0610Tests */ = {
			isa = PBXGroup;
			children = (
				845A570A1B27D558001394D8 /* HomeWork0610Tests.m */,
				845A57081B27D558001394D8 /* Supporting Files */,
			);
			path = HomeWork0610Tests;
			sourceTree = "<group>";
		};
		845A57081B27D558001394D8 /* Supporting Files */ = {
			isa = PBXGroup;
			children = (
				845A57091B27D558001394D8 /* Info.plist */,
			);
			name = "Supporting Files";
			sourceTree = "<group>";
		};
/* End PBXGroup section */

/* Begin PBXNativeTarget section */
		845A56E71B27D557001394D8 /* HomeWork0610 */ = {
			isa = PBXNativeTarget;
			buildConfigurationList = 845A570E1B27D558001394D8 /* Build configuration list for PBXNativeTarget "HomeWork0610" */;
			buildPhases = (
				845A56E41B27D557001394D8 /* Sources */,
				845A56E51B27D557001394D8 /* Frameworks */,
				845A56E61B27D557001394D8 /* Resources */,
			);
			buildRules = (
			);
			dependencies = (
			);
			name = HomeWork0610;
			productName = HomeWork0610;
			productReference = 845A56E81B27D557001394D8 /* HomeWork0610.app */;
			productType = "com.apple.product-type.application";
		};
		845A57031B27D558001394D8 /* HomeWork0610Tests */ = {
			isa = PBXNativeTarget;
			buildConfigurationList = 845A57111B27D558001394D8 /* Build configuration list for PBXNativeTarget "HomeWork0610Tests" */;
			buildPhases = (
				845A57001B27D558001394D8 /* Sources */,
				845A57011B27D558001394D8 /* Frameworks */,
				845A57021B27D558001394D8 /* Resources */,
			);
			buildRules = (
			);
			dependencies = (
				845A57061B27D558001394D8 /* PBXTargetDependency */,
			);
			name = HomeWork0610Tests;
			productName = HomeWork0610Tests;
			productReference = 845A57041B27D558001394D8 /* HomeWork0610Tests.xctest */;
			productType = "com.apple.product-type.bundle.unit-test";
		};
/* End PBXNativeTarget section */

/* Begin PBXProject section */
		845A56E01B27D557001394D8 /* Project object */ = {
			isa = PBXProject;
			attributes = {
				LastUpgradeCheck = 0630;
				ORGANIZATIONNAME = yishain;
				TargetAttributes = {
					845A56E71B27D557001394D8 = {
						CreatedOnToolsVersion = 6.3.2;
					};
					845A57031B27D558001394D8 = {
						CreatedOnToolsVersion = 6.3.2;
						TestTargetID = 845A56E71B27D557001394D8;
					};
				};
			};
			buildConfigurationList = 845A56E31B27D557001394D8 /* Build configuration list for PBXProject "HomeWork0610" */;
			compatibilityVersion = "Xcode 3.2";
			developmentRegion = English;
			hasScannedForEncodings = 0;
			knownRegions = (
				en,
				Base,
			);
			mainGroup = 845A56DF1B27D557001394D8;
			productRefGroup = 845A56E91B27D557001394D8 /* Products */;
			projectDirPath = "";
			projectRoot = "";
			targets = (
				845A56E71B27D557001394D8 /* HomeWork0610 */,
				845A57031B27D558001394D8 /* HomeWork0610Tests */,
			);
		};
/* End PBXProject section */

/* Begin PBXResourcesBuildPhase section */
		845A56E61B27D557001394D8 /* Resources */ = {
			isa = PBXResourcesBuildPhase;
			buildActionMask = 2147483647;
			files = (
				845A56FA1B27D558001394D8 /* Main.storyboard in Resources */,
				845A56FF1B27D558001394D8 /* LaunchScreen.xib in Resources */,
				845A56FC1B27D558001394D8 /* Images.xcassets in Resources */,
			);
			runOnlyForDeploymentPostprocessing = 0;
		};
		845A57021B27D558001394D8 /* Resources */ = {
			isa = PBXResourcesBuildPhase;
			buildActionMask = 2147483647;
			files = (
			);
			runOnlyForDeploymentPostprocessing = 0;
		};
/* End PBXResourcesBuildPhase section */

/* Begin PBXSourcesBuildPhase section */
		845A56E41B27D557001394D8 /* Sources */ = {
			isa = PBXSourcesBuildPhase;
			buildActionMask = 2147483647;
			files = (
				845A57531B2838A3001394D8 /* SecondViewController.m in Sources */,
				845A56F11B27D558001394D8 /* AppDelegate.m in Sources */,
				845A56EE1B27D558001394D8 /* main.m in Sources */,
				845A56F71B27D558001394D8 /* ViewController.m in Sources */,
				845A56F41B27D558001394D8 /* HomeWork0610.xcdatamodeld in Sources */,
			);
			runOnlyForDeploymentPostprocessing = 0;
		};
		845A57001B27D558001394D8 /* Sources */ = {
			isa = PBXSourcesBuildPhase;
			buildActionMask = 2147483647;
			files = (
				845A570B1B27D558001394D8 /* HomeWork0610Tests.m in Sources */,
			);
			runOnlyForDeploymentPostprocessing = 0;
		};
/* End PBXSourcesBuildPhase section */

/* Begin PBXTargetDependency section */
		845A57061B27D558001394D8 /* PBXTargetDependency */ = {
			isa = PBXTargetDependency;
			target = 845A56E71B27D557001394D8 /* HomeWork0610 */;
			targetProxy = 845A57051B27D558001394D8 /* PBXContainerItemProxy */;
		};
/* End PBXTargetDependency section */

/* Begin PBXVariantGroup section */
		845A56F81B27D558001394D8 /* Main.storyboard */ = {
			isa = PBXVariantGroup;
			children = (
				845A56F91B27D558001394D8 /* Base */,
			);
			name = Main.storyboard;
			sourceTree = "<group>";
		};
		845A56FD1B27D558001394D8 /* LaunchScreen.xib */ = {
			isa = PBXVariantGroup;
			children = (
				845A56FE1B27D558001394D8 /* Base */,
			);
			name = LaunchScreen.xib;
			sourceTree = "<group>";
		};
/* End PBXVariantGroup section */

/* Begin XCBuildConfiguration section */
		845A570C1B27D558001394D8 /* Debug */ = {
			isa = XCBuildConfiguration;
			buildSettings = {
				ALWAYS_SEARCH_USER_PATHS = NO;
				CLANG_CXX_LANGUAGE_STANDARD = "gnu++0x";
				CLANG_CXX_LIBRARY = "libc++";
				CLANG_ENABLE_MODULES = YES;
				CLANG_ENABLE_OBJC_ARC = YES;
				CLANG_WARN_BOOL_CONVERSION = YES;
				CLANG_WARN_CONSTANT_CONVERSION = YES;
				CLANG_WARN_DIRECT_OBJC_ISA_USAGE = YES_ERROR;
				CLANG_WARN_EMPTY_BODY = YES;
				CLANG_WARN_ENUM_CONVERSION = YES;
				CLANG_WARN_INT_CONVERSION = YES;
				CLANG_WARN_OBJC_ROOT_CLASS = YES_ERROR;
				CLANG_WARN_UNREACHABLE_CODE = YES;
				CLANG_WARN__DUPLICATE_METHOD_MATCH = YES;
				"CODE_SIGN_IDENTITY[sdk=iphoneos*]" = "iPhone Developer";
				COPY_PHASE_STRIP = NO;
				DEBUG_INFORMATION_FORMAT = "dwarf-with-dsym";
				ENABLE_STRICT_OBJC_MSGSEND = YES;
				GCC_C_LANGUAGE_STANDARD = gnu99;
				GCC_DYNAMIC_NO_PIC = NO;
				GCC_NO_COMMON_BLOCKS = YES;
				GCC_OPTIMIZATION_LEVEL = 0;
				GCC_PREPROCESSOR_DEFINITIONS = (
					"DEBUG=1",
					"$(inherited)",
				);
				GCC_SYMBOLS_PRIVATE_EXTERN = NO;
				GCC_WARN_64_TO_32_BIT_CONVERSION = YES;
				GCC_WARN_ABOUT_RETURN_TYPE = YES_ERROR;
				GCC_WARN_UNDECLARED_SELECTOR = YES;
				GCC_WARN_UNINITIALIZED_AUTOS = YES_AGGRESSIVE;
				GCC_WARN_UNUSED_FUNCTION = YES;
				GCC_WARN_UNUSED_VARIABLE = YES;
				IPHONEOS_DEPLOYMENT_TARGET = 8.3;
				MTL_ENABLE_DEBUG_INFO = YES;
				ONLY_ACTIVE_ARCH = YES;
				SDKROOT = iphoneos;
			};
			name = Debug;
		};
		845A570D1B27D558001394D8 /* Release */ = {
			isa = XCBuildConfiguration;
			buildSettings = {
				ALWAYS_SEARCH_USER_PATHS = NO;
				CLANG_CXX_LANGUAGE_STANDARD = "gnu++0x";
				CLANG_CXX_LIBRARY = "libc++";
				CLANG_ENABLE_MODULES = YES;
				CLANG_ENABLE_OBJC_ARC = YES;
				CLANG_WARN_BOOL_CONVERSION = YES;
				CLANG_WARN_CONSTANT_CONVERSION = YES;
				CLANG_WARN_DIRECT_OBJC_ISA_USAGE = YES_ERROR;
				CLANG_WARN_EMPTY_BODY = YES;
				CLANG_WARN_ENUM_CONVERSION = YES;
				CLANG_WARN_INT_CONVERSION = YES;
				CLANG_WARN_OBJC_ROOT_CLASS = YES_ERROR;
				CLANG_WARN_UNREACHABLE_CODE = YES;
				CLANG_WARN__DUPLICATE_METHOD_MATCH = YES;
				"CODE_SIGN_IDENTITY[sdk=iphoneos*]" = "iPhone Developer";
				COPY_PHASE_STRIP = NO;
				DEBUG_INFORMATION_FORMAT = "dwarf-with-dsym";
				ENABLE_NS_ASSERTIONS = NO;
				ENABLE_STRICT_OBJC_MSGSEND = YES;
				GCC_C_LANGUAGE_STANDARD = gnu99;
				GCC_NO_COMMON_BLOCKS = YES;
				GCC_WARN_64_TO_32_BIT_CONVERSION = YES;
				GCC_WARN_ABOUT_RETURN_TYPE = YES_ERROR;
				GCC_WARN_UNDECLARED_SELECTOR = YES;
				GCC_WARN_UNINITIALIZED_AUTOS = YES_AGGRESSIVE;
				GCC_WARN_UNUSED_FUNCTION = YES;
				GCC_WARN_UNUSED_VARIABLE = YES;
				IPHONEOS_DEPLOYMENT_TARGET = 8.3;
				MTL_ENABLE_DEBUG_INFO = NO;
				SDKROOT = iphoneos;
				VALIDATE_PRODUCT = YES;
			};
			name = Release;
		};
		845A570F1B27D558001394D8 /* Debug */ = {
			isa = XCBuildConfiguration;
			buildSettings = {
				ASSETCATALOG_COMPILER_APPICON_NAME = AppIcon;
				INFOPLIST_FILE = HomeWork0610/Info.plist;
				LD_RUNPATH_SEARCH_PATHS = "$(inherited) @executable_path/Frameworks";
				PRODUCT_NAME = "$(TARGET_NAME)";
			};
			name = Debug;
		};
		845A57101B27D558001394D8 /* Release */ = {
			isa = XCBuildConfiguration;
			buildSettings = {
				ASSETCATALOG_COMPILER_APPICON_NAME = AppIcon;
				INFOPLIST_FILE = HomeWork0610/Info.plist;
				LD_RUNPATH_SEARCH_PATHS = "$(inherited) @executable_path/Frameworks";
				PRODUCT_NAME = "$(TARGET_NAME)";
			};
			name = Release;
		};
		845A57121B27D558001394D8 /* Debug */ = {
			isa = XCBuildConfiguration;
			buildSettings = {
				BUNDLE_LOADER = "$(TEST_HOST)";
				FRAMEWORK_SEARCH_PATHS = (
					"$(SDKROOT)/Developer/Library/Frameworks",
					"$(inherited)",
				);
				GCC_PREPROCESSOR_DEFINITIONS = (
					"DEBUG=1",
					"$(inherited)",
				);
				INFOPLIST_FILE = HomeWork0610Tests/Info.plist;
				LD_RUNPATH_SEARCH_PATHS = "$(inherited) @executable_path/Frameworks @loader_path/Frameworks";
				PRODUCT_NAME = "$(TARGET_NAME)";
				TEST_HOST = "$(BUILT_PRODUCTS_DIR)/HomeWork0610.app/HomeWork0610";
			};
			name = Debug;
		};
		845A57131B27D558001394D8 /* Release */ = {
			isa = XCBuildConfiguration;
			buildSettings = {
				BUNDLE_LOADER = "$(TEST_HOST)";
				FRAMEWORK_SEARCH_PATHS = (
					"$(SDKROOT)/Developer/Library/Frameworks",
					"$(inherited)",
				);
				INFOPLIST_FILE = HomeWork0610Tests/Info.plist;
				LD_RUNPATH_SEARCH_PATHS = "$(inherited) @executable_path/Frameworks @loader_path/Frameworks";
				PRODUCT_NAME = "$(TARGET_NAME)";
				TEST_HOST = "$(BUILT_PRODUCTS_DIR)/HomeWork0610.app/HomeWork0610";
			};
			name = Release;
		};
/* End XCBuildConfiguration section */

/* Begin XCConfigurationList section */
		845A56E31B27D557001394D8 /* Build configuration list for PBXProject "HomeWork0610" */ = {
			isa = XCConfigurationList;
			buildConfigurations = (
				845A570C1B27D558001394D8 /* Debug */,
				845A570D1B27D558001394D8 /* Release */,
			);
			defaultConfigurationIsVisible = 0;
			defaultConfigurationName = Release;
		};
		845A570E1B27D558001394D8 /* Build configuration list for PBXNativeTarget "HomeWork0610" */ = {
			isa = XCConfigurationList;
			buildConfigurations = (
				845A570F1B27D558001394D8 /* Debug */,
				845A57101B27D558001394D8 /* Release */,
			);
			defaultConfigurationIsVisible = 0;
			defaultConfigurationName = Release;
		};
		845A57111B27D558001394D8 /* Build configuration list for PBXNativeTarget "HomeWork0610Tests" */ = {
			isa = XCConfigurationList;
			buildConfigurations = (
				845A57121B27D558001394D8 /* Debug */,
				845A57131B27D558001394D8 /* Release */,
			);
			defaultConfigurationIsVisible = 0;
			defaultConfigurationName = Release;
		};
/* End XCConfigurationList section */

/* Begin XCVersionGroup section */
		845A56F21B27D558001394D8 /* HomeWork0610.xcdatamodeld */ = {
			isa = XCVersionGroup;
			children = (
				845A56F31B27D558001394D8 /* HomeWork0610.xcdatamodel */,
			);
			currentVersion = 845A56F31B27D558001394D8 /* HomeWork0610.xcdatamodel */;
			path = HomeWork0610.xcdatamodeld;
			sourceTree = "<group>";
			versionGroupType = wrapper.xcdatamodel;
		};
/* End XCVersionGroup section */
	};
	rootObject = 845A56E01B27D557001394D8 /* Project object */;
}
